Microsoft Visual Studio Solution File, Format Version 12.00
# Visual Studio Version 17
VisualStudioVersion = 17.5.2.0
MinimumVisualStudioVersion = 10.0.40219.1
Project("{FAE04EC0-301F-11D3-BF4B-00C04F79EFBC}") = "Cicli_pt2", "Cicli_pt2.csproj", "{1BEAAD2F-46AC-4964-0822-4B8A5EFC1EDB}"
EndProject
Global
	GlobalSection(SolutionConfigurationPlatforms) = preSolution
		Debug|Any CPU = Debug|Any CPU
		Release|Any CPU = Release|Any CPU
	EndGlobalSection
	GlobalSection(ProjectConfigurationPlatforms) = postSolution
		{1BEAAD2F-46AC-4964-0822-4B8A5EFC1EDB}.Debug|Any CPU.ActiveCfg = Debug|Any CPU
		{1BEAAD2F-46AC-4964-0822-4B8A5EFC1EDB}.Debug|Any CPU.Build.0 = Debug|Any CPU
		{1BEAAD2F-46AC-4964-0822-4B8A5EFC1EDB}.Release|Any CPU.ActiveCfg = Release|Any CPU
		{1BEAAD2F-46AC-4964-0822-4B8A5EFC1EDB}.Release|Any CPU.Build.0 = Release|Any CPU
	EndGlobalSection
	GlobalSection(SolutionProperties) = preSolution
		HideSolutionNode = FALSE
	EndGlobalSection
	GlobalSection(ExtensibilityGlobals) = postSolution
		SolutionGuid = {5C16B877-2455-4FBF-90AD-1CCFBA5ED8D7}
	EndGlobalSection
EndGlobal
